
Microsoft Visual Studio Solution File, Format Version 12.00
# Visual Studio Version 17
VisualStudioVersion = 17.4.33110.190
MinimumVisualStudioVersion = 10.0.40219.1
Project("{FAE04EC0-301F-11D3-BF4B-00C04F79EFBC}") = "cay-ocagi-denemeler", "cay-ocagi-denemeler\cay-ocagi-denemeler.csproj", "{CCD3F6EC-4032-4CB3-90AD-13EBA4656D9C}"
EndProject
Global
	GlobalSection(SolutionConfigurationPlatforms) = preSolution
		Debug|Any CPU = Debug|Any CPU
		Release|Any CPU = Release|Any CPU
	EndGlobalSection
	GlobalSection(ProjectConfigurationPlatforms) = postSolution
		{CCD3F6EC-4032-4CB3-90AD-13EBA4656D9C}.Debug|Any CPU.ActiveCfg = Debug|Any CPU
		{CCD3F6EC-4032-4CB3-90AD-13EBA4656D9C}.Debug|Any CPU.Build.0 = Debug|Any CPU
		{CCD3F6EC-4032-4CB3-90AD-13EBA4656D9C}.Release|Any CPU.ActiveCfg = Release|Any CPU
		{CCD3F6EC-4032-4CB3-90AD-13EBA4656D9C}.Release|Any CPU.Build.0 = Release|Any CPU
	EndGlobalSection
	GlobalSection(SolutionProperties) = preSolution
		HideSolutionNode = FALSE
	EndGlobalSection
	GlobalSection(ExtensibilityGlobals) = postSolution
		SolutionGuid = {38E1D875-683B-40AA-954D-13D99216001B}
	EndGlobalSection
EndGlobal
